// !$*UTF8*$!
{
	archiveVersion = 1;
	classes = {
	};
	objectVersion = 51;
	objects = {

/* Begin PBXBuildFile section */
		09016C742614173000B11BF0 /* New_VC.swift in Sources */ = {isa = PBXBuildFile; fileRef = 09016C732614173000B11BF0 /* New_VC.swift */; };
		09016C7F2614178C00B11BF0 /* Utils.swift in Sources */ = {isa = PBXBuildFile; fileRef = 09016C7E2614178C00B11BF0 /* Utils.swift */; };
		091DD2D42672B5990074FB10 /* Extensions.swift in Sources */ = {isa = PBXBuildFile; fileRef = 091DD2D32672B5990074FB10 /* Extensions.swift */; };
		0924BB012668575600F93671 /* AppStoreReviewManager.swift in Sources */ = {isa = PBXBuildFile; fileRef = 0924BB002668575600F93671 /* AppStoreReviewManager.swift */; };
		0924BB0E2669A0D300F93671 /* sendNowAnimation.gif in Resources */ = {isa = PBXBuildFile; fileRef = 0924BB0D2669A0D100F93671 /* sendNowAnimation.gif */; };
		0924F1002613CD1300C0E909 /* AudioVisualizerView.swift in Sources */ = {isa = PBXBuildFile; fileRef = 0924F0FF2613CD1300C0E909 /* AudioVisualizerView.swift */; };
		092AA3F1266FFD660025F4E6 /* PulseAnimation.swift in Sources */ = {isa = PBXBuildFile; fileRef = 092AA3F0266FFD660025F4E6 /* PulseAnimation.swift */; };
		0935134326560407000E3EF2 /* mailmoIconAnimation.json in Resources */ = {isa = PBXBuildFile; fileRef = 0935134226560407000E3EF2 /* mailmoIconAnimation.json */; };
		093513482656040F000E3EF2 /* sendLaterAnimation.json in Resources */ = {isa = PBXBuildFile; fileRef = 093513472656040F000E3EF2 /* sendLaterAnimation.json */; };
		0935135226560422000E3EF2 /* welcomeAnimation.json in Resources */ = {isa = PBXBuildFile; fileRef = 0935135126560422000E3EF2 /* welcomeAnimation.json */; };
		093D27B32631023000C4CBCB /* HistoryCell.swift in Sources */ = {isa = PBXBuildFile; fileRef = 093D27B22631023000C4CBCB /* HistoryCell.swift */; };
		095ABFF12642326E00031A77 /* GoogleService-Info.plist in Resources */ = {isa = PBXBuildFile; fileRef = 095ABFF02642326E00031A77 /* GoogleService-Info.plist */; };
		096EE2912672CD2800FEBCEA /* EmailInfo.swift in Sources */ = {isa = PBXBuildFile; fileRef = 096EE2902672CD2800FEBCEA /* EmailInfo.swift */; };
		096EE2962672CD6C00FEBCEA /* SendGridData.swift in Sources */ = {isa = PBXBuildFile; fileRef = 096EE2952672CD6C00FEBCEA /* SendGridData.swift */; };
		096EE29E2672CD9100FEBCEA /* FirebaseData.swift in Sources */ = {isa = PBXBuildFile; fileRef = 096EE29D2672CD9100FEBCEA /* FirebaseData.swift */; };
		096EE2A32672CDE900FEBCEA /* CurrentUser.swift in Sources */ = {isa = PBXBuildFile; fileRef = 096EE2A22672CDE900FEBCEA /* CurrentUser.swift */; };
		09A6E2F7264221F800C67575 /* SignUp_VC.swift in Sources */ = {isa = PBXBuildFile; fileRef = 09A6E2F6264221F600C67575 /* SignUp_VC.swift */; };
		09A879D026560455002300E2 /* dotsAnimation.json in Resources */ = {isa = PBXBuildFile; fileRef = 09A879CF26560455002300E2 /* dotsAnimation.json */; };
		09A879D52656045F002300E2 /* recordAnimation.json in Resources */ = {isa = PBXBuildFile; fileRef = 09A879D42656045F002300E2 /* recordAnimation.json */; };
		09BA6BD5260A5DEA003DBFD3 /* Edit_VC.swift in Sources */ = {isa = PBXBuildFile; fileRef = 09BA6BD4260A5DEA003DBFD3 /* Edit_VC.swift */; };
		09BA6BE4260A84D8003DBFD3 /* SendNow_VC.swift in Sources */ = {isa = PBXBuildFile; fileRef = 09BA6BE3260A84D8003DBFD3 /* SendNow_VC.swift */; };
		09BA6C08260AB73E003DBFD3 /* DatePicker_VC.swift in Sources */ = {isa = PBXBuildFile; fileRef = 09BA6C07260AB73D003DBFD3 /* DatePicker_VC.swift */; };
		09BA6C0D260AB74F003DBFD3 /* SendLater_VC.swift in Sources */ = {isa = PBXBuildFile; fileRef = 09BA6C0C260AB74F003DBFD3 /* SendLater_VC.swift */; };
		09BA6C1F260AE7D9003DBFD3 /* History_VC.swift in Sources */ = {isa = PBXBuildFile; fileRef = 09BA6C1E260AE7D9003DBFD3 /* History_VC.swift */; };
		09BA6C27260C131F003DBFD3 /* Settings_VC.swift in Sources */ = {isa = PBXBuildFile; fileRef = 09BA6C26260C131F003DBFD3 /* Settings_VC.swift */; };
		09BA6C2C260C133B003DBFD3 /* HistoryDetails_VC.swift in Sources */ = {isa = PBXBuildFile; fileRef = 09BA6C2B260C133B003DBFD3 /* HistoryDetails_VC.swift */; };
		09E98D4C2605397900C4F4F7 /* AppDelegate.swift in Sources */ = {isa = PBXBuildFile; fileRef = 09E98D4B2605397900C4F4F7 /* AppDelegate.swift */; };
		09E98D4E2605397900C4F4F7 /* SceneDelegate.swift in Sources */ = {isa = PBXBuildFile; fileRef = 09E98D4D2605397900C4F4F7 /* SceneDelegate.swift */; };
		09E98D582605397A00C4F4F7 /* Assets.xcassets in Resources */ = {isa = PBXBuildFile; fileRef = 09E98D572605397A00C4F4F7 /* Assets.xcassets */; };
		09E98D662605397A00C4F4F7 /* MailmoTests.swift in Sources */ = {isa = PBXBuildFile; fileRef = 09E98D652605397A00C4F4F7 /* MailmoTests.swift */; };
		09E98D712605397A00C4F4F7 /* MailmoUITests.swift in Sources */ = {isa = PBXBuildFile; fileRef = 09E98D702605397A00C4F4F7 /* MailmoUITests.swift */; };
		09E98DC3260539E900C4F4F7 /* fa-solid-900.ttf in Resources */ = {isa = PBXBuildFile; fileRef = 09E98D9C260539E900C4F4F7 /* fa-solid-900.ttf */; };
		09E98DC4260539E900C4F4F7 /* fa-regular-400.svg in Resources */ = {isa = PBXBuildFile; fileRef = 09E98D9D260539E900C4F4F7 /* fa-regular-400.svg */; };
		09E98DC5260539E900C4F4F7 /* fa-regular-400.woff2 in Resources */ = {isa = PBXBuildFile; fileRef = 09E98D9E260539E900C4F4F7 /* fa-regular-400.woff2 */; };
		09E98DC6260539E900C4F4F7 /* fa-solid-900.eot in Resources */ = {isa = PBXBuildFile; fileRef = 09E98D9F260539E900C4F4F7 /* fa-solid-900.eot */; };
		09E98DC7260539E900C4F4F7 /* fa-brands-400.svg in Resources */ = {isa = PBXBuildFile; fileRef = 09E98DA0260539E900C4F4F7 /* fa-brands-400.svg */; };
		09E98DC8260539E900C4F4F7 /* fa-regular-400.woff in Resources */ = {isa = PBXBuildFile; fileRef = 09E98DA1260539E900C4F4F7 /* fa-regular-400.woff */; };
		09E98DC9260539E900C4F4F7 /* fa-brands-400.eot in Resources */ = {isa = PBXBuildFile; fileRef = 09E98DA2260539E900C4F4F7 /* fa-brands-400.eot */; };
		09E98DCA260539E900C4F4F7 /* fa-solid-900.svg in Resources */ = {isa = PBXBuildFile; fileRef = 09E98DA3260539E900C4F4F7 /* fa-solid-900.svg */; };
		09E98DCB260539E900C4F4F7 /* fa-solid-900.woff in Resources */ = {isa = PBXBuildFile; fileRef = 09E98DA4260539E900C4F4F7 /* fa-solid-900.woff */; };
		09E98DCC260539E900C4F4F7 /* fa-regular-400.ttf in Resources */ = {isa = PBXBuildFile; fileRef = 09E98DA5260539E900C4F4F7 /* fa-regular-400.ttf */; };
		09E98DCD260539E900C4F4F7 /* fa-solid-900.woff2 in Resources */ = {isa = PBXBuildFile; fileRef = 09E98DA6260539E900C4F4F7 /* fa-solid-900.woff2 */; };
		09E98DCE260539E900C4F4F7 /* fa-brands-400.woff2 in Resources */ = {isa = PBXBuildFile; fileRef = 09E98DA7260539E900C4F4F7 /* fa-brands-400.woff2 */; };
		09E98DCF260539E900C4F4F7 /* fa-brands-400.woff in Resources */ = {isa = PBXBuildFile; fileRef = 09E98DA8260539E900C4F4F7 /* fa-brands-400.woff */; };
		09E98DD0260539E900C4F4F7 /* fa-brands-400.ttf in Resources */ = {isa = PBXBuildFile; fileRef = 09E98DA9260539E900C4F4F7 /* fa-brands-400.ttf */; };
		09E98DD1260539E900C4F4F7 /* fa-regular-400.eot in Resources */ = {isa = PBXBuildFile; fileRef = 09E98DAA260539E900C4F4F7 /* fa-regular-400.eot */; };
		09E98DD2260539E900C4F4F7 /* fontawesome-all.css in Resources */ = {isa = PBXBuildFile; fileRef = 09E98DAC260539E900C4F4F7 /* fontawesome-all.css */; };
		09E98DD3260539E900C4F4F7 /* copyright.txt in Resources */ = {isa = PBXBuildFile; fileRef = 09E98DAE260539E900C4F4F7 /* copyright.txt */; };
		09E98DD4260539E900C4F4F7 /* LICENCE-FAQ.txt in Resources */ = {isa = PBXBuildFile; fileRef = 09E98DAF260539E900C4F4F7 /* LICENCE-FAQ.txt */; };
		09E98DD5260539E900C4F4F7 /* Ubuntu-M.ttf in Resources */ = {isa = PBXBuildFile; fileRef = 09E98DB0260539E900C4F4F7 /* Ubuntu-M.ttf */; };
		09E98DD6260539E900C4F4F7 /* CONTRIBUTING.txt in Resources */ = {isa = PBXBuildFile; fileRef = 09E98DB1260539E900C4F4F7 /* CONTRIBUTING.txt */; };
		09E98DD7260539E900C4F4F7 /* FONTLOG.txt in Resources */ = {isa = PBXBuildFile; fileRef = 09E98DB2260539E900C4F4F7 /* FONTLOG.txt */; };
		09E98DD8260539E900C4F4F7 /* Ubuntu-L.ttf in Resources */ = {isa = PBXBuildFile; fileRef = 09E98DB3260539E900C4F4F7 /* Ubuntu-L.ttf */; };
		09E98DD9260539E900C4F4F7 /* UbuntuMono-BI.ttf in Resources */ = {isa = PBXBuildFile; fileRef = 09E98DB4260539E900C4F4F7 /* UbuntuMono-BI.ttf */; };
		09E98DDA260539E900C4F4F7 /* Ubuntu-BI.ttf in Resources */ = {isa = PBXBuildFile; fileRef = 09E98DB5260539E900C4F4F7 /* Ubuntu-BI.ttf */; };
		09E98DDB260539E900C4F4F7 /* LICENCE.txt in Resources */ = {isa = PBXBuildFile; fileRef = 09E98DB6260539E900C4F4F7 /* LICENCE.txt */; };
		09E98DDC260539E900C4F4F7 /* TRADEMARKS.txt in Resources */ = {isa = PBXBuildFile; fileRef = 09E98DB7260539E900C4F4F7 /* TRADEMARKS.txt */; };
		09E98DDD260539E900C4F4F7 /* Ubuntu-Th.ttf in Resources */ = {isa = PBXBuildFile; fileRef = 09E98DB8260539E900C4F4F7 /* Ubuntu-Th.ttf */; };
		09E98DDE260539E900C4F4F7 /* Ubuntu-MI.ttf in Resources */ = {isa = PBXBuildFile; fileRef = 09E98DB9260539E900C4F4F7 /* Ubuntu-MI.ttf */; };
		09E98DDF260539E900C4F4F7 /* Ubuntu-R.ttf in Resources */ = {isa = PBXBuildFile; fileRef = 09E98DBA260539E900C4F4F7 /* Ubuntu-R.ttf */; };
		09E98DE0260539E900C4F4F7 /* Ubuntu-LI.ttf in Resources */ = {isa = PBXBuildFile; fileRef = 09E98DBB260539E900C4F4F7 /* Ubuntu-LI.ttf */; };
		09E98DE1260539E900C4F4F7 /* Ubuntu-B.ttf in Resources */ = {isa = PBXBuildFile; fileRef = 09E98DBC260539E900C4F4F7 /* Ubuntu-B.ttf */; };
		09E98DE2260539E900C4F4F7 /* Ubuntu-C.ttf in Resources */ = {isa = PBXBuildFile; fileRef = 09E98DBD260539E900C4F4F7 /* Ubuntu-C.ttf */; };
		09E98DE3260539E900C4F4F7 /* README.txt in Resources */ = {isa = PBXBuildFile; fileRef = 09E98DBE260539E900C4F4F7 /* README.txt */; };
		09E98DE4260539E900C4F4F7 /* UbuntuMono-RI.ttf in Resources */ = {isa = PBXBuildFile; fileRef = 09E98DBF260539E900C4F4F7 /* UbuntuMono-RI.ttf */; };
		09E98DE5260539E900C4F4F7 /* UbuntuMono-R.ttf in Resources */ = {isa = PBXBuildFile; fileRef = 09E98DC0260539E900C4F4F7 /* UbuntuMono-R.ttf */; };
		09E98DE6260539E900C4F4F7 /* Ubuntu-RI.ttf in Resources */ = {isa = PBXBuildFile; fileRef = 09E98DC1260539E900C4F4F7 /* Ubuntu-RI.ttf */; };
		09E98DE7260539E900C4F4F7 /* UbuntuMono-B.ttf in Resources */ = {isa = PBXBuildFile; fileRef = 09E98DC2260539E900C4F4F7 /* UbuntuMono-B.ttf */; };
		09E98E4226053A6300C4F4F7 /* LaunchScreen.storyboard in Resources */ = {isa = PBXBuildFile; fileRef = 09E98E3E26053A6300C4F4F7 /* LaunchScreen.storyboard */; };
		09E98E4326053A6300C4F4F7 /* Main.storyboard in Resources */ = {isa = PBXBuildFile; fileRef = 09E98E4026053A6300C4F4F7 /* Main.storyboard */; };
		09E98E4A26053A6B00C4F4F7 /* Main_VC.swift in Sources */ = {isa = PBXBuildFile; fileRef = 09E98E4826053A6B00C4F4F7 /* Main_VC.swift */; };
		09E98E4B26053A6B00C4F4F7 /* SignIn_VC.swift in Sources */ = {isa = PBXBuildFile; fileRef = 09E98E4926053A6B00C4F4F7 /* SignIn_VC.swift */; };
		09F28D07265603D300EAC5FF /* voiceAnimation.json in Resources */ = {isa = PBXBuildFile; fileRef = 09F28D06265603D300EAC5FF /* voiceAnimation.json */; };
		4DC62933DB0A58E4DA14FF07 /* Pods_Mailmo.framework in Frameworks */ = {isa = PBXBuildFile; fileRef = 1F091395A489FF5836F65527 /* Pods_Mailmo.framework */; };
		8A28394C2DAAAFB1313CD94A /* Pods_Mailmo_MailmoUITests.framework in Frameworks */ = {isa = PBXBuildFile; fileRef = 5576FEC13E765AF517D37692 /* Pods_Mailmo_MailmoUITests.framework */; };
		918AAF4A88F15CF8E2EEA639 /* Pods_MailmoTests.framework in Frameworks */ = {isa = PBXBuildFile; fileRef = 0B3D3F6AD504F2DF738ADC52 /* Pods_MailmoTests.framework */; };
/* End PBXBuildFile section */

/* Begin PBXContainerItemProxy section */
		09E98D622605397A00C4F4F7 /* PBXContainerItemProxy */ = {
			isa = PBXContainerItemProxy;
			containerPortal = 09E98D402605397900C4F4F7 /* Project object */;
			proxyType = 1;
			remoteGlobalIDString = 09E98D472605397900C4F4F7;
			remoteInfo = Mailmo;
		};
		09E98D6D2605397A00C4F4F7 /* PBXContainerItemProxy */ = {
			isa = PBXContainerItemProxy;
			containerPortal = 09E98D402605397900C4F4F7 /* Project object */;
			proxyType = 1;
			remoteGlobalIDString = 09E98D472605397900C4F4F7;
			remoteInfo = Mailmo;
		};
/* End PBXContainerItemProxy section */

/* Begin PBXFileReference section */
		09016C732614173000B11BF0 /* New_VC.swift */ = {isa = PBXFileReference; lastKnownFileType = sourcecode.swift; path = New_VC.swift; sourceTree = "<group>"; };
		09016C7E2614178C00B11BF0 /* Utils.swift */ = {isa = PBXFileReference; lastKnownFileType = sourcecode.swift; path = Utils.swift; sourceTree = "<group>"; };
		091DD2D32672B5990074FB10 /* Extensions.swift */ = {isa = PBXFileReference; lastKnownFileType = sourcecode.swift; path = Extensions.swift; sourceTree = "<group>"; };
		0924BB002668575600F93671 /* AppStoreReviewManager.swift */ = {isa = PBXFileReference; lastKnownFileType = sourcecode.swift; path = AppStoreReviewManager.swift; sourceTree = "<group>"; };
		0924BB0D2669A0D100F93671 /* sendNowAnimation.gif */ = {isa = PBXFileReference; lastKnownFileType = image.gif; path = sendNowAnimation.gif; sourceTree = "<group>"; };
		0924F0B02613BAD200C0E909 /* AudioKit.xcframework */ = {isa = PBXFileReference; lastKnownFileType = wrapper.xcframework; name = AudioKit.xcframework; path = ../../Downloads/AudioKit.xcframework; sourceTree = "<group>"; };
		0924F0BC2613BB6300C0E909 /* AudioKit */ = {isa = PBXFileReference; lastKnownFileType = archive.ar; name = AudioKit; path = "../../Downloads/AudioKit.xcframework/AudioKit.xcframework/ios-arm64_armv7/AudioKit.framework/AudioKit"; sourceTree = "<group>"; };
		0924F0FF2613CD1300C0E909 /* AudioVisualizerView.swift */ = {isa = PBXFileReference; lastKnownFileType = sourcecode.swift; path = AudioVisualizerView.swift; sourceTree = "<group>"; };
		092AA3F0266FFD660025F4E6 /* PulseAnimation.swift */ = {isa = PBXFileReference; lastKnownFileType = sourcecode.swift; path = PulseAnimation.swift; sourceTree = "<group>"; };
		0935134226560407000E3EF2 /* mailmoIconAnimation.json */ = {isa = PBXFileReference; fileEncoding = 4; lastKnownFileType = text.json; path = mailmoIconAnimation.json; sourceTree = "<group>"; };
		093513472656040F000E3EF2 /* sendLaterAnimation.json */ = {isa = PBXFileReference; fileEncoding = 4; lastKnownFileType = text.json; path = sendLaterAnimation.json; sourceTree = "<group>"; };
		0935135126560422000E3EF2 /* welcomeAnimation.json */ = {isa = PBXFileReference; fileEncoding = 4; lastKnownFileType = text.json; path = welcomeAnimation.json; sourceTree = "<group>"; };
		093D27B22631023000C4CBCB /* HistoryCell.swift */ = {isa = PBXFileReference; lastKnownFileType = sourcecode.swift; path = HistoryCell.swift; sourceTree = "<group>"; };
		095ABFF02642326E00031A77 /* GoogleService-Info.plist */ = {isa = PBXFileReference; fileEncoding = 4; lastKnownFileType = text.plist.xml; path = "GoogleService-Info.plist"; sourceTree = "<group>"; };
		095AC07F2645B45800031A77 /* SendGrid_Config.xcconfig */ = {isa = PBXFileReference; lastKnownFileType = text.xcconfig; path = SendGrid_Config.xcconfig; sourceTree = "<group>"; };
		096EE2902672CD2800FEBCEA /* EmailInfo.swift */ = {isa = PBXFileReference; lastKnownFileType = sourcecode.swift; path = EmailInfo.swift; sourceTree = "<group>"; };
		096EE2952672CD6C00FEBCEA /* SendGridData.swift */ = {isa = PBXFileReference; lastKnownFileType = sourcecode.swift; path = SendGridData.swift; sourceTree = "<group>"; };
		096EE29D2672CD9100FEBCEA /* FirebaseData.swift */ = {isa = PBXFileReference; lastKnownFileType = sourcecode.swift; path = FirebaseData.swift; sourceTree = "<group>"; };
		096EE2A22672CDE900FEBCEA /* CurrentUser.swift */ = {isa = PBXFileReference; lastKnownFileType = sourcecode.swift; path = CurrentUser.swift; sourceTree = "<group>"; };
		09A6E2F6264221F600C67575 /* SignUp_VC.swift */ = {isa = PBXFileReference; lastKnownFileType = sourcecode.swift; path = SignUp_VC.swift; sourceTree = "<group>"; };
		09A879CF26560455002300E2 /* dotsAnimation.json */ = {isa = PBXFileReference; fileEncoding = 4; lastKnownFileType = text.json; path = dotsAnimation.json; sourceTree = "<group>"; };
		09A879D42656045F002300E2 /* recordAnimation.json */ = {isa = PBXFileReference; fileEncoding = 4; lastKnownFileType = text.json; path = recordAnimation.json; sourceTree = "<group>"; };
		09BA6BD4260A5DEA003DBFD3 /* Edit_VC.swift */ = {isa = PBXFileReference; lastKnownFileType = sourcecode.swift; path = Edit_VC.swift; sourceTree = "<group>"; };
		09BA6BE3260A84D8003DBFD3 /* SendNow_VC.swift */ = {isa = PBXFileReference; lastKnownFileType = sourcecode.swift; path = SendNow_VC.swift; sourceTree = "<group>"; };
		09BA6C07260AB73D003DBFD3 /* DatePicker_VC.swift */ = {isa = PBXFileReference; lastKnownFileType = sourcecode.swift; path = DatePicker_VC.swift; sourceTree = "<group>"; };
		09BA6C0C260AB74F003DBFD3 /* SendLater_VC.swift */ = {isa = PBXFileReference; lastKnownFileType = sourcecode.swift; path = SendLater_VC.swift; sourceTree = "<group>"; };
		09BA6C1E260AE7D9003DBFD3 /* History_VC.swift */ = {isa = PBXFileReference; lastKnownFileType = sourcecode.swift; path = History_VC.swift; sourceTree = "<group>"; };
		09BA6C26260C131F003DBFD3 /* Settings_VC.swift */ = {isa = PBXFileReference; lastKnownFileType = sourcecode.swift; path = Settings_VC.swift; sourceTree = "<group>"; };
		09BA6C2B260C133B003DBFD3 /* HistoryDetails_VC.swift */ = {isa = PBXFileReference; lastKnownFileType = sourcecode.swift; path = HistoryDetails_VC.swift; sourceTree = "<group>"; };
		09BA6C36260C2817003DBFD3 /* Mailmo.entitlements */ = {isa = PBXFileReference; lastKnownFileType = text.plist.entitlements; path = Mailmo.entitlements; sourceTree = "<group>"; };
		09E98D482605397900C4F4F7 /* Mailmo.app */ = {isa = PBXFileReference; explicitFileType = wrapper.application; includeInIndex = 0; path = Mailmo.app; sourceTree = BUILT_PRODUCTS_DIR; };
		09E98D4B2605397900C4F4F7 /* AppDelegate.swift */ = {isa = PBXFileReference; lastKnownFileType = sourcecode.swift; path = AppDelegate.swift; sourceTree = "<group>"; };
		09E98D4D2605397900C4F4F7 /* SceneDelegate.swift */ = {isa = PBXFileReference; lastKnownFileType = sourcecode.swift; path = SceneDelegate.swift; sourceTree = "<group>"; };
		09E98D572605397A00C4F4F7 /* Assets.xcassets */ = {isa = PBXFileReference; lastKnownFileType = folder.assetcatalog; path = Assets.xcassets; sourceTree = "<group>"; };
		09E98D5C2605397A00C4F4F7 /* Info.plist */ = {isa = PBXFileReference; lastKnownFileType = text.plist.xml; path = Info.plist; sourceTree = "<group>"; };
		09E98D612605397A00C4F4F7 /* MailmoTests.xctest */ = {isa = PBXFileReference; explicitFileType = wrapper.cfbundle; includeInIndex = 0; path = MailmoTests.xctest; sourceTree = BUILT_PRODUCTS_DIR; };
		09E98D652605397A00C4F4F7 /* MailmoTests.swift */ = {isa = PBXFileReference; lastKnownFileType = sourcecode.swift; path = MailmoTests.swift; sourceTree = "<group>"; };
		09E98D672605397A00C4F4F7 /* Info.plist */ = {isa = PBXFileReference; lastKnownFileType = text.plist.xml; path = Info.plist; sourceTree = "<group>"; };
		09E98D6C2605397A00C4F4F7 /* MailmoUITests.xctest */ = {isa = PBXFileReference; explicitFileType = wrapper.cfbundle; includeInIndex = 0; path = MailmoUITests.xctest; sourceTree = BUILT_PRODUCTS_DIR; };
		09E98D702605397A00C4F4F7 /* MailmoUITests.swift */ = {isa = PBXFileReference; lastKnownFileType = sourcecode.swift; path = MailmoUITests.swift; sourceTree = "<group>"; };
		09E98D722605397A00C4F4F7 /* Info.plist */ = {isa = PBXFileReference; lastKnownFileType = text.plist.xml; path = Info.plist; sourceTree = "<group>"; };
		09E98D9C260539E900C4F4F7 /* fa-solid-900.ttf */ = {isa = PBXFileReference; lastKnownFileType = file; path = "fa-solid-900.ttf"; sourceTree = "<group>"; };
		09E98D9D260539E900C4F4F7 /* fa-regular-400.svg */ = {isa = PBXFileReference; fileEncoding = 4; lastKnownFileType = text.xml; path = "fa-regular-400.svg"; sourceTree = "<group>"; };
		09E98D9E260539E900C4F4F7 /* fa-regular-400.woff2 */ = {isa = PBXFileReference; lastKnownFileType = file; path = "fa-regular-400.woff2"; sourceTree = "<group>"; };
		09E98D9F260539E900C4F4F7 /* fa-solid-900.eot */ = {isa = PBXFileReference; lastKnownFileType = file; path = "fa-solid-900.eot"; sourceTree = "<group>"; };
		09E98DA0260539E900C4F4F7 /* fa-brands-400.svg */ = {isa = PBXFileReference; fileEncoding = 4; lastKnownFileType = text.xml; path = "fa-brands-400.svg"; sourceTree = "<group>"; };
		09E98DA1260539E900C4F4F7 /* fa-regular-400.woff */ = {isa = PBXFileReference; lastKnownFileType = file; path = "fa-regular-400.woff"; sourceTree = "<group>"; };
		09E98DA2260539E900C4F4F7 /* fa-brands-400.eot */ = {isa = PBXFileReference; lastKnownFileType = file; path = "fa-brands-400.eot"; sourceTree = "<group>"; };
		09E98DA3260539E900C4F4F7 /* fa-solid-900.svg */ = {isa = PBXFileReference; fileEncoding = 4; lastKnownFileType = text.xml; path = "fa-solid-900.svg"; sourceTree = "<group>"; };
		09E98DA4260539E900C4F4F7 /* fa-solid-900.woff */ = {isa = PBXFileReference; lastKnownFileType = file; path = "fa-solid-900.woff"; sourceTree = "<group>"; };
		09E98DA5260539E900C4F4F7 /* fa-regular-400.ttf */ = {isa = PBXFileReference; lastKnownFileType = file; path = "fa-regular-400.ttf"; sourceTree = "<group>"; };
		09E98DA6260539E900C4F4F7 /* fa-solid-900.woff2 */ = {isa = PBXFileReference; lastKnownFileType = file; path = "fa-solid-900.woff2"; sourceTree = "<group>"; };
		09E98DA7260539E900C4F4F7 /* fa-brands-400.woff2 */ = {isa = PBXFileReference; lastKnownFileType = file; path = "fa-brands-400.woff2"; sourceTree = "<group>"; };
		09E98DA8260539E900C4F4F7 /* fa-brands-400.woff */ = {isa = PBXFileReference; lastKnownFileType = file; path = "fa-brands-400.woff"; sourceTree = "<group>"; };
		09E98DA9260539E900C4F4F7 /* fa-brands-400.ttf */ = {isa = PBXFileReference; lastKnownFileType = file; path = "fa-brands-400.ttf"; sourceTree = "<group>"; };
		09E98DAA260539E900C4F4F7 /* fa-regular-400.eot */ = {isa = PBXFileReference; lastKnownFileType = file; path = "fa-regular-400.eot"; sourceTree = "<group>"; };
		09E98DAC260539E900C4F4F7 /* fontawesome-all.css */ = {isa = PBXFileReference; fileEncoding = 4; lastKnownFileType = text.css; path = "fontawesome-all.css"; sourceTree = "<group>"; };
		09E98DAE260539E900C4F4F7 /* copyright.txt */ = {isa = PBXFileReference; fileEncoding = 4; lastKnownFileType = text; path = copyright.txt; sourceTree = "<group>"; };
		09E98DAF260539E900C4F4F7 /* LICENCE-FAQ.txt */ = {isa = PBXFileReference; fileEncoding = 4; lastKnownFileType = text; path = "LICENCE-FAQ.txt"; sourceTree = "<group>"; };
		09E98DB0260539E900C4F4F7 /* Ubuntu-M.ttf */ = {isa = PBXFileReference; lastKnownFileType = file; path = "Ubuntu-M.ttf"; sourceTree = "<group>"; };
		09E98DB1260539E900C4F4F7 /* CONTRIBUTING.txt */ = {isa = PBXFileReference; fileEncoding = 4; lastKnownFileType = text; path = CONTRIBUTING.txt; sourceTree = "<group>"; };
		09E98DB2260539E900C4F4F7 /* FONTLOG.txt */ = {isa = PBXFileReference; fileEncoding = 4; lastKnownFileType = text; path = FONTLOG.txt; sourceTree = "<group>"; };
		09E98DB3260539E900C4F4F7 /* Ubuntu-L.ttf */ = {isa = PBXFileReference; lastKnownFileType = file; path = "Ubuntu-L.ttf"; sourceTree = "<group>"; };
		09E98DB4260539E900C4F4F7 /* UbuntuMono-BI.ttf */ = {isa = PBXFileReference; lastKnownFileType = file; path = "UbuntuMono-BI.ttf"; sourceTree = "<group>"; };
		09E98DB5260539E900C4F4F7 /* Ubuntu-BI.ttf */ = {isa = PBXFileReference; lastKnownFileType = file; path = "Ubuntu-BI.ttf"; sourceTree = "<group>"; };
		09E98DB6260539E900C4F4F7 /* LICENCE.txt */ = {isa = PBXFileReference; fileEncoding = 4; lastKnownFileType = text; path = LICENCE.txt; sourceTree = "<group>"; };
		09E98DB7260539E900C4F4F7 /* TRADEMARKS.txt */ = {isa = PBXFileReference; fileEncoding = 4; lastKnownFileType = text; path = TRADEMARKS.txt; sourceTree = "<group>"; };
		09E98DB8260539E900C4F4F7 /* Ubuntu-Th.ttf */ = {isa = PBXFileReference; lastKnownFileType = file; path = "Ubuntu-Th.ttf"; sourceTree = "<group>"; };
		09E98DB9260539E900C4F4F7 /* Ubuntu-MI.ttf */ = {isa = PBXFileReference; lastKnownFileType = file; path = "Ubuntu-MI.ttf"; sourceTree = "<group>"; };
		09E98DBA260539E900C4F4F7 /* Ubuntu-R.ttf */ = {isa = PBXFileReference; lastKnownFileType = file; path = "Ubuntu-R.ttf"; sourceTree = "<group>"; };
		09E98DBB260539E900C4F4F7 /* Ubuntu-LI.ttf */ = {isa = PBXFileReference; lastKnownFileType = file; path = "Ubuntu-LI.ttf"; sourceTree = "<group>"; };
		09E98DBC260539E900C4F4F7 /* Ubuntu-B.ttf */ = {isa = PBXFileReference; lastKnownFileType = file; path = "Ubuntu-B.ttf"; sourceTree = "<group>"; };
		09E98DBD260539E900C4F4F7 /* Ubuntu-C.ttf */ = {isa = PBXFileReference; lastKnownFileType = file; path = "Ubuntu-C.ttf"; sourceTree = "<group>"; };
		09E98DBE260539E900C4F4F7 /* README.txt */ = {isa = PBXFileReference; fileEncoding = 4; lastKnownFileType = text; path = README.txt; sourceTree = "<group>"; };
		09E98DBF260539E900C4F4F7 /* UbuntuMono-RI.ttf */ = {isa = PBXFileReference; lastKnownFileType = file; path = "UbuntuMono-RI.ttf"; sourceTree = "<group>"; };
		09E98DC0260539E900C4F4F7 /* UbuntuMono-R.ttf */ = {isa = PBXFileReference; lastKnownFileType = file; path = "UbuntuMono-R.ttf"; sourceTree = "<group>"; };
		09E98DC1260539E900C4F4F7 /* Ubuntu-RI.ttf */ = {isa = PBXFileReference; lastKnownFileType = file; path = "Ubuntu-RI.ttf"; sourceTree = "<group>"; };
		09E98DC2260539E900C4F4F7 /* UbuntuMono-B.ttf */ = {isa = PBXFileReference; lastKnownFileType = file; path = "UbuntuMono-B.ttf"; sourceTree = "<group>"; };
		09E98E3F26053A6300C4F4F7 /* Base */ = {isa = PBXFileReference; lastKnownFileType = file.storyboard; name = Base; path = Base.lproj/LaunchScreen.storyboard; sourceTree = "<group>"; };
		09E98E4126053A6300C4F4F7 /* Base */ = {isa = PBXFileReference; lastKnownFileType = file.storyboard; name = Base; path = Base.lproj/Main.storyboard; sourceTree = "<group>"; };
		09E98E4826053A6B00C4F4F7 /* Main_VC.swift */ = {isa = PBXFileReference; fileEncoding = 4; lastKnownFileType = sourcecode.swift; path = Main_VC.swift; sourceTree = "<group>"; };
		09E98E4926053A6B00C4F4F7 /* SignIn_VC.swift */ = {isa = PBXFileReference; fileEncoding = 4; lastKnownFileType = sourcecode.swift; path = SignIn_VC.swift; sourceTree = "<group>"; };
		09F28D06265603D300EAC5FF /* voiceAnimation.json */ = {isa = PBXFileReference; fileEncoding = 4; lastKnownFileType = text.json; path = voiceAnimation.json; sourceTree = "<group>"; };
		0B3D3F6AD504F2DF738ADC52 /* Pods_MailmoTests.framework */ = {isa = PBXFileReference; explicitFileType = wrapper.framework; includeInIndex = 0; path = Pods_MailmoTests.framework; sourceTree = BUILT_PRODUCTS_DIR; };
		1F091395A489FF5836F65527 /* Pods_Mailmo.framework */ = {isa = PBXFileReference; explicitFileType = wrapper.framework; includeInIndex = 0; path = Pods_Mailmo.framework; sourceTree = BUILT_PRODUCTS_DIR; };
		46794A3B96F50260FD7E2EF4 /* Pods-MailmoTests.release.xcconfig */ = {isa = PBXFileReference; includeInIndex = 1; lastKnownFileType = text.xcconfig; name = "Pods-MailmoTests.release.xcconfig"; path = "Target Support Files/Pods-MailmoTests/Pods-MailmoTests.release.xcconfig"; sourceTree = "<group>"; };
		5576FEC13E765AF517D37692 /* Pods_Mailmo_MailmoUITests.framework */ = {isa = PBXFileReference; explicitFileType = wrapper.framework; includeInIndex = 0; path = Pods_Mailmo_MailmoUITests.framework; sourceTree = BUILT_PRODUCTS_DIR; };
		97CB3758C9BBA52B4820C376 /* Pods-Mailmo.debug.xcconfig */ = {isa = PBXFileReference; includeInIndex = 1; lastKnownFileType = text.xcconfig; name = "Pods-Mailmo.debug.xcconfig"; path = "Target Support Files/Pods-Mailmo/Pods-Mailmo.debug.xcconfig"; sourceTree = "<group>"; };
		9EB7E84DF6D411871338B4FC /* Pods-MailmoTests.debug.xcconfig */ = {isa = PBXFileReference; includeInIndex = 1; lastKnownFileType = text.xcconfig; name = "Pods-MailmoTests.debug.xcconfig"; path = "Target Support Files/Pods-MailmoTests/Pods-MailmoTests.debug.xcconfig"; sourceTree = "<group>"; };
		AB152D597CCB25578EF367AC /* Pods-Mailmo.release.xcconfig */ = {isa = PBXFileReference; includeInIndex = 1; lastKnownFileType = text.xcconfig; name = "Pods-Mailmo.release.xcconfig"; path = "Target Support Files/Pods-Mailmo/Pods-Mailmo.release.xcconfig"; sourceTree = "<group>"; };
		B08732FACC16707C5C38E542 /* Pods-Mailmo-MailmoUITests.release.xcconfig */ = {isa = PBXFileReference; includeInIndex = 1; lastKnownFileType = text.xcconfig; name = "Pods-Mailmo-MailmoUITests.release.xcconfig"; path = "Target Support Files/Pods-Mailmo-MailmoUITests/Pods-Mailmo-MailmoUITests.release.xcconfig"; sourceTree = "<group>"; };
		FE2DF86DE5222EF5E45BF8FC /* Pods-Mailmo-MailmoUITests.debug.xcconfig */ = {isa = PBXFileReference; includeInIndex = 1; lastKnownFileType = text.xcconfig; name = "Pods-Mailmo-MailmoUITests.debug.xcconfig"; path = "Target Support Files/Pods-Mailmo-MailmoUITests/Pods-Mailmo-MailmoUITests.debug.xcconfig"; sourceTree = "<group>"; };
/* End PBXFileReference section */

/* Begin PBXFrameworksBuildPhase section */
		09E98D452605397900C4F4F7 /* Frameworks */ = {
			isa = PBXFrameworksBuildPhase;
			buildActionMask = 2147483647;
			files = (
				4DC62933DB0A58E4DA14FF07 /* Pods_Mailmo.framework in Frameworks */,
			);
			runOnlyForDeploymentPostprocessing = 0;
		};
		09E98D5E2605397A00C4F4F7 /* Frameworks */ = {
			isa = PBXFrameworksBuildPhase;
			buildActionMask = 2147483647;
			files = (
				918AAF4A88F15CF8E2EEA639 /* Pods_MailmoTests.framework in Frameworks */,
			);
			runOnlyForDeploymentPostprocessing = 0;
		};
		09E98D692605397A00C4F4F7 /* Frameworks */ = {
			isa = PBXFrameworksBuildPhase;
			buildActionMask = 2147483647;
			files = (
				8A28394C2DAAAFB1313CD94A /* Pods_Mailmo_MailmoUITests.framework in Frameworks */,
			);
			runOnlyForDeploymentPostprocessing = 0;
		};
/* End PBXFrameworksBuildPhase section */

/* Begin PBXGroup section */
		096EE2AA2672E1E100FEBCEA /* Models */ = {
			isa = PBXGroup;
			children = (
				096EE2902672CD2800FEBCEA /* EmailInfo.swift */,
				096EE2952672CD6C00FEBCEA /* SendGridData.swift */,
				096EE29D2672CD9100FEBCEA /* FirebaseData.swift */,
				096EE2A22672CDE900FEBCEA /* CurrentUser.swift */,
			);
			path = Models;
			sourceTree = "<group>";
		};
		096EE2AB2672E24900FEBCEA /* Helpers */ = {
			isa = PBXGroup;
			children = (
				0924F0FF2613CD1300C0E909 /* AudioVisualizerView.swift */,
				091DD2D32672B5990074FB10 /* Extensions.swift */,
				09016C7E2614178C00B11BF0 /* Utils.swift */,
				093D27B22631023000C4CBCB /* HistoryCell.swift */,
				0924BB002668575600F93671 /* AppStoreReviewManager.swift */,
				092AA3F0266FFD660025F4E6 /* PulseAnimation.swift */,
			);
			path = Helpers;
			sourceTree = "<group>";
		};
		09E98D3F2605397900C4F4F7 = {
			isa = PBXGroup;
			children = (
				09E98D4A2605397900C4F4F7 /* Mailmo */,
				09E98D642605397A00C4F4F7 /* MailmoTests */,
				09E98D6F2605397A00C4F4F7 /* MailmoUITests */,
				09E98D492605397900C4F4F7 /* Products */,
				9A61292CDCD3C9BA69B1615B /* Frameworks */,
				7AAB1092E4A92D79D2E11E80 /* Pods */,
			);
			sourceTree = "<group>";
		};
		09E98D492605397900C4F4F7 /* Products */ = {
			isa = PBXGroup;
			children = (
				09E98D482605397900C4F4F7 /* Mailmo.app */,
				09E98D612605397A00C4F4F7 /* MailmoTests.xctest */,
				09E98D6C2605397A00C4F4F7 /* MailmoUITests.xctest */,
			);
			name = Products;
			sourceTree = "<group>";
		};
		09E98D4A2605397900C4F4F7 /* Mailmo */ = {
			isa = PBXGroup;
			children = (
				09BA6C36260C2817003DBFD3 /* Mailmo.entitlements */,
				09E98D4B2605397900C4F4F7 /* AppDelegate.swift */,
				09E98D4D2605397900C4F4F7 /* SceneDelegate.swift */,
				09E98D5C2605397A00C4F4F7 /* Info.plist */,
				095ABFF02642326E00031A77 /* GoogleService-Info.plist */,
				095AC07F2645B45800031A77 /* SendGrid_Config.xcconfig */,
				09E98E5B26053A9F00C4F4F7 /* Assets */,
				09E98E3D26053A6300C4F4F7 /* Storyboards */,
				096EE2AA2672E1E100FEBCEA /* Models */,
				09E98E4726053A6B00C4F4F7 /* View Controllers */,
				096EE2AB2672E24900FEBCEA /* Helpers */,
			);
			path = Mailmo;
			sourceTree = "<group>";
		};
		09E98D642605397A00C4F4F7 /* MailmoTests */ = {
			isa = PBXGroup;
			children = (
				09E98D652605397A00C4F4F7 /* MailmoTests.swift */,
				09E98D672605397A00C4F4F7 /* Info.plist */,
			);
			path = MailmoTests;
			sourceTree = "<group>";
		};
		09E98D6F2605397A00C4F4F7 /* MailmoUITests */ = {
			isa = PBXGroup;
			children = (
				09E98D702605397A00C4F4F7 /* MailmoUITests.swift */,
				09E98D722605397A00C4F4F7 /* Info.plist */,
			);
			path = MailmoUITests;
			sourceTree = "<group>";
		};
		09E98D91260539E000C4F4F7 /* Animations */ = {
			isa = PBXGroup;
			children = (
				09F28D06265603D300EAC5FF /* voiceAnimation.json */,
				0935134226560407000E3EF2 /* mailmoIconAnimation.json */,
				093513472656040F000E3EF2 /* sendLaterAnimation.json */,
				0924BB0D2669A0D100F93671 /* sendNowAnimation.gif */,
				09A879D42656045F002300E2 /* recordAnimation.json */,
				09A879CF26560455002300E2 /* dotsAnimation.json */,
				0935135126560422000E3EF2 /* welcomeAnimation.json */,
			);
			path = Animations;
			sourceTree = "<group>";
		};
		09E98D99260539E900C4F4F7 /* Fonts */ = {
			isa = PBXGroup;
			children = (
				09E98D9A260539E900C4F4F7 /* fontawesome */,
				09E98DAD260539E900C4F4F7 /* Ubuntu Font Family */,
			);
			path = Fonts;
			sourceTree = "<group>";
		};
		09E98D9A260539E900C4F4F7 /* fontawesome */ = {
			isa = PBXGroup;
			children = (
				09E98D9B260539E900C4F4F7 /* webfonts */,
				09E98DAB260539E900C4F4F7 /* font */,
			);
			path = fontawesome;
			sourceTree = "<group>";
		};
		09E98D9B260539E900C4F4F7 /* webfonts */ = {
			isa = PBXGroup;
			children = (
				09E98D9C260539E900C4F4F7 /* fa-solid-900.ttf */,
				09E98D9D260539E900C4F4F7 /* fa-regular-400.svg */,
				09E98D9E260539E900C4F4F7 /* fa-regular-400.woff2 */,
				09E98D9F260539E900C4F4F7 /* fa-solid-900.eot */,
				09E98DA0260539E900C4F4F7 /* fa-brands-400.svg */,
				09E98DA1260539E900C4F4F7 /* fa-regular-400.woff */,
				09E98DA2260539E900C4F4F7 /* fa-brands-400.eot */,
				09E98DA3260539E900C4F4F7 /* fa-solid-900.svg */,
				09E98DA4260539E900C4F4F7 /* fa-solid-900.woff */,
				09E98DA5260539E900C4F4F7 /* fa-regular-400.ttf */,
				09E98DA6260539E900C4F4F7 /* fa-solid-900.woff2 */,
				09E98DA7260539E900C4F4F7 /* fa-brands-400.woff2 */,
				09E98DA8260539E900C4F4F7 /* fa-brands-400.woff */,
				09E98DA9260539E900C4F4F7 /* fa-brands-400.ttf */,
				09E98DAA260539E900C4F4F7 /* fa-regular-400.eot */,
			);
			path = webfonts;
			sourceTree = "<group>";
		};
		09E98DAB260539E900C4F4F7 /* font */ = {
			isa = PBXGroup;
			children = (
				09E98DAC260539E900C4F4F7 /* fontawesome-all.css */,
			);
			path = font;
			sourceTree = "<group>";
		};
		09E98DAD260539E900C4F4F7 /* Ubuntu Font Family */ = {
			isa = PBXGroup;
			children = (
				09E98DAE260539E900C4F4F7 /* copyright.txt */,
				09E98DAF260539E900C4F4F7 /* LICENCE-FAQ.txt */,
				09E98DB0260539E900C4F4F7 /* Ubuntu-M.ttf */,
				09E98DB1260539E900C4F4F7 /* CONTRIBUTING.txt */,
				09E98DB2260539E900C4F4F7 /* FONTLOG.txt */,
				09E98DB3260539E900C4F4F7 /* Ubuntu-L.ttf */,
				09E98DB4260539E900C4F4F7 /* UbuntuMono-BI.ttf */,
				09E98DB5260539E900C4F4F7 /* Ubuntu-BI.ttf */,
				09E98DB6260539E900C4F4F7 /* LICENCE.txt */,
				09E98DB7260539E900C4F4F7 /* TRADEMARKS.txt */,
				09E98DB8260539E900C4F4F7 /* Ubuntu-Th.ttf */,
				09E98DB9260539E900C4F4F7 /* Ubuntu-MI.ttf */,
				09E98DBA260539E900C4F4F7 /* Ubuntu-R.ttf */,
				09E98DBB260539E900C4F4F7 /* Ubuntu-LI.ttf */,
				09E98DBC260539E900C4F4F7 /* Ubuntu-B.ttf */,
				09E98DBD260539E900C4F4F7 /* Ubuntu-C.ttf */,
				09E98DBE260539E900C4F4F7 /* README.txt */,
				09E98DBF260539E900C4F4F7 /* UbuntuMono-RI.ttf */,
				09E98DC0260539E900C4F4F7 /* UbuntuMono-R.ttf */,
				09E98DC1260539E900C4F4F7 /* Ubuntu-RI.ttf */,
				09E98DC2260539E900C4F4F7 /* UbuntuMono-B.ttf */,
			);
			path = "Ubuntu Font Family";
			sourceTree = "<group>";
		};
		09E98E3D26053A6300C4F4F7 /* Storyboards */ = {
			isa = PBXGroup;
			children = (
				09E98E3E26053A6300C4F4F7 /* LaunchScreen.storyboard */,
				09E98E4026053A6300C4F4F7 /* Main.storyboard */,
			);
			path = Storyboards;
			sourceTree = "<group>";
		};
		09E98E4726053A6B00C4F4F7 /* View Controllers */ = {
			isa = PBXGroup;
			children = (
				09E98E4926053A6B00C4F4F7 /* SignIn_VC.swift */,
				09A6E2F6264221F600C67575 /* SignUp_VC.swift */,
				09E98E4826053A6B00C4F4F7 /* Main_VC.swift */,
				09016C732614173000B11BF0 /* New_VC.swift */,
				09BA6BD4260A5DEA003DBFD3 /* Edit_VC.swift */,
				09BA6BE3260A84D8003DBFD3 /* SendNow_VC.swift */,
				09BA6C07260AB73D003DBFD3 /* DatePicker_VC.swift */,
				09BA6C0C260AB74F003DBFD3 /* SendLater_VC.swift */,
				09BA6C1E260AE7D9003DBFD3 /* History_VC.swift */,
				09BA6C2B260C133B003DBFD3 /* HistoryDetails_VC.swift */,
				09BA6C26260C131F003DBFD3 /* Settings_VC.swift */,
			);
			path = "View Controllers";
			sourceTree = "<group>";
		};
		09E98E5B26053A9F00C4F4F7 /* Assets */ = {
			isa = PBXGroup;
			children = (
				09E98D572605397A00C4F4F7 /* Assets.xcassets */,
				09E98D99260539E900C4F4F7 /* Fonts */,
				09E98D91260539E000C4F4F7 /* Animations */,
			);
			path = Assets;
			sourceTree = "<group>";
		};
		7AAB1092E4A92D79D2E11E80 /* Pods */ = {
			isa = PBXGroup;
			children = (
				97CB3758C9BBA52B4820C376 /* Pods-Mailmo.debug.xcconfig */,
				AB152D597CCB25578EF367AC /* Pods-Mailmo.release.xcconfig */,
				9EB7E84DF6D411871338B4FC /* Pods-MailmoTests.debug.xcconfig */,
				46794A3B96F50260FD7E2EF4 /* Pods-MailmoTests.release.xcconfig */,
				FE2DF86DE5222EF5E45BF8FC /* Pods-Mailmo-MailmoUITests.debug.xcconfig */,
				B08732FACC16707C5C38E542 /* Pods-Mailmo-MailmoUITests.release.xcconfig */,
			);
			path = Pods;
			sourceTree = "<group>";
		};
		9A61292CDCD3C9BA69B1615B /* Frameworks */ = {
			isa = PBXGroup;
			children = (
				0924F0BC2613BB6300C0E909 /* AudioKit */,
				0924F0B02613BAD200C0E909 /* AudioKit.xcframework */,
				1F091395A489FF5836F65527 /* Pods_Mailmo.framework */,
				5576FEC13E765AF517D37692 /* Pods_Mailmo_MailmoUITests.framework */,
				0B3D3F6AD504F2DF738ADC52 /* Pods_MailmoTests.framework */,
			);
			name = Frameworks;
			sourceTree = "<group>";
		};
/* End PBXGroup section */

/* Begin PBXNativeTarget section */
		09E98D472605397900C4F4F7 /* Mailmo */ = {
			isa = PBXNativeTarget;
			buildConfigurationList = 09E98D752605397A00C4F4F7 /* Build configuration list for PBXNativeTarget "Mailmo" */;
			buildPhases = (
				164A6557DCFB2E458ADD64AD /* [CP] Check Pods Manifest.lock */,
				09E98D442605397900C4F4F7 /* Sources */,
				09E98D452605397900C4F4F7 /* Frameworks */,
				09E98D462605397900C4F4F7 /* Resources */,
				B21606888C26A12F5DF5A8E5 /* [CP] Embed Pods Frameworks */,
				A6819D39D5DF1C99C33342CD /* [CP] Copy Pods Resources */,
			);
			buildRules = (
			);
			dependencies = (
			);
			name = Mailmo;
			productName = Mailmo;
			productReference = 09E98D482605397900C4F4F7 /* Mailmo.app */;
			productType = "com.apple.product-type.application";
		};
		09E98D602605397A00C4F4F7 /* MailmoTests */ = {
			isa = PBXNativeTarget;
			buildConfigurationList = 09E98D782605397A00C4F4F7 /* Build configuration list for PBXNativeTarget "MailmoTests" */;
			buildPhases = (
				B44BFC9A4F5A5706AFA4BF66 /* [CP] Check Pods Manifest.lock */,
				09E98D5D2605397A00C4F4F7 /* Sources */,
				09E98D5E2605397A00C4F4F7 /* Frameworks */,
				09E98D5F2605397A00C4F4F7 /* Resources */,
			);
			buildRules = (
			);
			dependencies = (
				09E98D632605397A00C4F4F7 /* PBXTargetDependency */,
			);
			name = MailmoTests;
			productName = MailmoTests;
			productReference = 09E98D612605397A00C4F4F7 /* MailmoTests.xctest */;
			productType = "com.apple.product-type.bundle.unit-test";
		};
		09E98D6B2605397A00C4F4F7 /* MailmoUITests */ = {
			isa = PBXNativeTarget;
			buildConfigurationList = 09E98D7B2605397A00C4F4F7 /* Build configuration list for PBXNativeTarget "MailmoUITests" */;
			buildPhases = (
				9BB8384806F8D0262EFAFBB8 /* [CP] Check Pods Manifest.lock */,
				09E98D682605397A00C4F4F7 /* Sources */,
				09E98D692605397A00C4F4F7 /* Frameworks */,
				09E98D6A2605397A00C4F4F7 /* Resources */,
				1A98BF50025C9C92ED161EB6 /* [CP] Embed Pods Frameworks */,
				DF05EEC5BF94A532BEA26E3D /* [CP] Copy Pods Resources */,
			);
			buildRules = (
			);
			dependencies = (
				09E98D6E2605397A00C4F4F7 /* PBXTargetDependency */,
			);
			name = MailmoUITests;
			productName = MailmoUITests;
			productReference = 09E98D6C2605397A00C4F4F7 /* MailmoUITests.xctest */;
			productType = "com.apple.product-type.bundle.ui-testing";
		};
/* End PBXNativeTarget section */

/* Begin PBXProject section */
		09E98D402605397900C4F4F7 /* Project object */ = {
			isa = PBXProject;
			attributes = {
				LastSwiftUpdateCheck = 1230;
				LastUpgradeCheck = 1230;
				TargetAttributes = {
					09E98D472605397900C4F4F7 = {
						CreatedOnToolsVersion = 12.3;
					};
					09E98D602605397A00C4F4F7 = {
						CreatedOnToolsVersion = 12.3;
						TestTargetID = 09E98D472605397900C4F4F7;
					};
					09E98D6B2605397A00C4F4F7 = {
						CreatedOnToolsVersion = 12.3;
						TestTargetID = 09E98D472605397900C4F4F7;
					};
				};
			};
			buildConfigurationList = 09E98D432605397900C4F4F7 /* Build configuration list for PBXProject "Mailmo" */;
			compatibilityVersion = "Xcode 9.3";
			developmentRegion = en;
			hasScannedForEncodings = 0;
			knownRegions = (
				en,
				Base,
			);
			mainGroup = 09E98D3F2605397900C4F4F7;
			productRefGroup = 09E98D492605397900C4F4F7 /* Products */;
			projectDirPath = "";
			projectRoot = "";
			targets = (
				09E98D472605397900C4F4F7 /* Mailmo */,
				09E98D602605397A00C4F4F7 /* MailmoTests */,
				09E98D6B2605397A00C4F4F7 /* MailmoUITests */,
			);
		};
/* End PBXProject section */

/* Begin PBXResourcesBuildPhase section */
		09E98D462605397900C4F4F7 /* Resources */ = {
			isa = PBXResourcesBuildPhase;
			buildActionMask = 2147483647;
			files = (
				09E98DDB260539E900C4F4F7 /* LICENCE.txt in Resources */,
				09E98DDA260539E900C4F4F7 /* Ubuntu-BI.ttf in Resources */,
				09E98DCE260539E900C4F4F7 /* fa-brands-400.woff2 in Resources */,
				09E98DD9260539E900C4F4F7 /* UbuntuMono-BI.ttf in Resources */,
				09E98E4326053A6300C4F4F7 /* Main.storyboard in Resources */,
				09E98DE6260539E900C4F4F7 /* Ubuntu-RI.ttf in Resources */,
				09E98DE1260539E900C4F4F7 /* Ubuntu-B.ttf in Resources */,
				09E98DCF260539E900C4F4F7 /* fa-brands-400.woff in Resources */,
				09E98DE4260539E900C4F4F7 /* UbuntuMono-RI.ttf in Resources */,
				09E98DC7260539E900C4F4F7 /* fa-brands-400.svg in Resources */,
				09E98DD8260539E900C4F4F7 /* Ubuntu-L.ttf in Resources */,
				0924BB0E2669A0D300F93671 /* sendNowAnimation.gif in Resources */,
				09A879D52656045F002300E2 /* recordAnimation.json in Resources */,
				09E98DC4260539E900C4F4F7 /* fa-regular-400.svg in Resources */,
				09E98DC3260539E900C4F4F7 /* fa-solid-900.ttf in Resources */,
				09E98DCC260539E900C4F4F7 /* fa-regular-400.ttf in Resources */,
				09E98DC6260539E900C4F4F7 /* fa-solid-900.eot in Resources */,
				09E98DD7260539E900C4F4F7 /* FONTLOG.txt in Resources */,
				09E98DE3260539E900C4F4F7 /* README.txt in Resources */,
				09E98DD4260539E900C4F4F7 /* LICENCE-FAQ.txt in Resources */,
				0935134326560407000E3EF2 /* mailmoIconAnimation.json in Resources */,
				09E98DE0260539E900C4F4F7 /* Ubuntu-LI.ttf in Resources */,
				09E98DD3260539E900C4F4F7 /* copyright.txt in Resources */,
				09E98DC5260539E900C4F4F7 /* fa-regular-400.woff2 in Resources */,
				09E98DE7260539E900C4F4F7 /* UbuntuMono-B.ttf in Resources */,
				09E98DE2260539E900C4F4F7 /* Ubuntu-C.ttf in Resources */,
				09E98DE5260539E900C4F4F7 /* UbuntuMono-R.ttf in Resources */,
				093513482656040F000E3EF2 /* sendLaterAnimation.json in Resources */,
				09E98DD6260539E900C4F4F7 /* CONTRIBUTING.txt in Resources */,
				09A879D026560455002300E2 /* dotsAnimation.json in Resources */,
				0935135226560422000E3EF2 /* welcomeAnimation.json in Resources */,
				09E98DD1260539E900C4F4F7 /* fa-regular-400.eot in Resources */,
				09E98DCD260539E900C4F4F7 /* fa-solid-900.woff2 in Resources */,
				09E98DDD260539E900C4F4F7 /* Ubuntu-Th.ttf in Resources */,
				09E98DDC260539E900C4F4F7 /* TRADEMARKS.txt in Resources */,
				09F28D07265603D300EAC5FF /* voiceAnimation.json in Resources */,
				09E98DD0260539E900C4F4F7 /* fa-brands-400.ttf in Resources */,
				09E98DDE260539E900C4F4F7 /* Ubuntu-MI.ttf in Resources */,
				09E98DCA260539E900C4F4F7 /* fa-solid-900.svg in Resources */,
				09E98DDF260539E900C4F4F7 /* Ubuntu-R.ttf in Resources */,
				09E98DD2260539E900C4F4F7 /* fontawesome-all.css in Resources */,
				095ABFF12642326E00031A77 /* GoogleService-Info.plist in Resources */,
				09E98D582605397A00C4F4F7 /* Assets.xcassets in Resources */,
				09E98DCB260539E900C4F4F7 /* fa-solid-900.woff in Resources */,
				09E98E4226053A6300C4F4F7 /* LaunchScreen.storyboard in Resources */,
				09E98DD5260539E900C4F4F7 /* Ubuntu-M.ttf in Resources */,
				09E98DC9260539E900C4F4F7 /* fa-brands-400.eot in Resources */,
				09E98DC8260539E900C4F4F7 /* fa-regular-400.woff in Resources */,
			);
			runOnlyForDeploymentPostprocessing = 0;
		};
		09E98D5F2605397A00C4F4F7 /* Resources */ = {
			isa = PBXResourcesBuildPhase;
			buildActionMask = 2147483647;
			files = (
			);
			runOnlyForDeploymentPostprocessing = 0;
		};
		09E98D6A2605397A00C4F4F7 /* Resources */ = {
			isa = PBXResourcesBuildPhase;
			buildActionMask = 2147483647;
			files = (
			);
			runOnlyForDeploymentPostprocessing = 0;
		};
/* End PBXResourcesBuildPhase section */

/* Begin PBXShellScriptBuildPhase section */
		164A6557DCFB2E458ADD64AD /* [CP] Check Pods Manifest.lock */ = {
			isa = PBXShellScriptBuildPhase;
			buildActionMask = 2147483647;
			files = (
			);
			inputFileListPaths = (
			);
			inputPaths = (
				"${PODS_PODFILE_DIR_PATH}/Podfile.lock",
				"${PODS_ROOT}/Manifest.lock",
			);
			name = "[CP] Check Pods Manifest.lock";
			outputFileListPaths = (
			);
			outputPaths = (
				"$(DERIVED_FILE_DIR)/Pods-Mailmo-checkManifestLockResult.txt",
			);
			runOnlyForDeploymentPostprocessing = 0;
			shellPath = /bin/sh;
			shellScript = "diff \"${PODS_PODFILE_DIR_PATH}/Podfile.lock\" \"${PODS_ROOT}/Manifest.lock\" > /dev/null\nif [ $? != 0 ] ; then\n    # print error to STDERR\n    echo \"error: The sandbox is not in sync with the Podfile.lock. Run 'pod install' or update your CocoaPods installation.\" >&2\n    exit 1\nfi\n# This output is used by Xcode 'outputs' to avoid re-running this script phase.\necho \"SUCCESS\" > \"${SCRIPT_OUTPUT_FILE_0}\"\n";
			showEnvVarsInLog = 0;
		};
		1A98BF50025C9C92ED161EB6 /* [CP] Embed Pods Frameworks */ = {
			isa = PBXShellScriptBuildPhase;
			buildActionMask = 2147483647;
			files = (
			);
			inputFileListPaths = (
				"${PODS_ROOT}/Target Support Files/Pods-Mailmo-MailmoUITests/Pods-Mailmo-MailmoUITests-frameworks-${CONFIGURATION}-input-files.xcfilelist",
			);
			name = "[CP] Embed Pods Frameworks";
			outputFileListPaths = (
				"${PODS_ROOT}/Target Support Files/Pods-Mailmo-MailmoUITests/Pods-Mailmo-MailmoUITests-frameworks-${CONFIGURATION}-output-files.xcfilelist",
			);
			runOnlyForDeploymentPostprocessing = 0;
			shellPath = /bin/sh;
			shellScript = "\"${PODS_ROOT}/Target Support Files/Pods-Mailmo-MailmoUITests/Pods-Mailmo-MailmoUITests-frameworks.sh\"\n";
			showEnvVarsInLog = 0;
		};
		9BB8384806F8D0262EFAFBB8 /* [CP] Check Pods Manifest.lock */ = {
			isa = PBXShellScriptBuildPhase;
			buildActionMask = 2147483647;
			files = (
			);
			inputFileListPaths = (
			);
			inputPaths = (
				"${PODS_PODFILE_DIR_PATH}/Podfile.lock",
				"${PODS_ROOT}/Manifest.lock",
			);
			name = "[CP] Check Pods Manifest.lock";
			outputFileListPaths = (
			);
			outputPaths = (
				"$(DERIVED_FILE_DIR)/Pods-Mailmo-MailmoUITests-checkManifestLockResult.txt",
			);
			runOnlyForDeploymentPostprocessing = 0;
			shellPath = /bin/sh;
			shellScript = "diff \"${PODS_PODFILE_DIR_PATH}/Podfile.lock\" \"${PODS_ROOT}/Manifest.lock\" > /dev/null\nif [ $? != 0 ] ; then\n    # print error to STDERR\n    echo \"error: The sandbox is not in sync with the Podfile.lock. Run 'pod install' or update your CocoaPods installation.\" >&2\n    exit 1\nfi\n# This output is used by Xcode 'outputs' to avoid re-running this script phase.\necho \"SUCCESS\" > \"${SCRIPT_OUTPUT_FILE_0}\"\n";
			showEnvVarsInLog = 0;
		};
		A6819D39D5DF1C99C33342CD /* [CP] Copy Pods Resources */ = {
			isa = PBXShellScriptBuildPhase;
			buildActionMask = 2147483647;
			files = (
			);
			inputFileListPaths = (
				"${PODS_ROOT}/Target Support Files/Pods-Mailmo/Pods-Mailmo-resources-${CONFIGURATION}-input-files.xcfilelist",
			);
			name = "[CP] Copy Pods Resources";
			outputFileListPaths = (
				"${PODS_ROOT}/Target Support Files/Pods-Mailmo/Pods-Mailmo-resources-${CONFIGURATION}-output-files.xcfilelist",
			);
			runOnlyForDeploymentPostprocessing = 0;
			shellPath = /bin/sh;
			shellScript = "\"${PODS_ROOT}/Target Support Files/Pods-Mailmo/Pods-Mailmo-resources.sh\"\n";
			showEnvVarsInLog = 0;
		};
		B21606888C26A12F5DF5A8E5 /* [CP] Embed Pods Frameworks */ = {
			isa = PBXShellScriptBuildPhase;
			buildActionMask = 2147483647;
			files = (
			);
			inputFileListPaths = (
				"${PODS_ROOT}/Target Support Files/Pods-Mailmo/Pods-Mailmo-frameworks-${CONFIGURATION}-input-files.xcfilelist",
			);
			name = "[CP] Embed Pods Frameworks";
			outputFileListPaths = (
				"${PODS_ROOT}/Target Support Files/Pods-Mailmo/Pods-Mailmo-frameworks-${CONFIGURATION}-output-files.xcfilelist",
			);
			runOnlyForDeploymentPostprocessing = 0;
			shellPath = /bin/sh;
			shellScript = "\"${PODS_ROOT}/Target Support Files/Pods-Mailmo/Pods-Mailmo-frameworks.sh\"\n";
			showEnvVarsInLog = 0;
		};
		B44BFC9A4F5A5706AFA4BF66 /* [CP] Check Pods Manifest.lock */ = {
			isa = PBXShellScriptBuildPhase;
			buildActionMask = 2147483647;
			files = (
			);
			inputFileListPaths = (
			);
			inputPaths = (
				"${PODS_PODFILE_DIR_PATH}/Podfile.lock",
				"${PODS_ROOT}/Manifest.lock",
			);
			name = "[CP] Check Pods Manifest.lock";
			outputFileListPaths = (
			);
			outputPaths = (
				"$(DERIVED_FILE_DIR)/Pods-MailmoTests-checkManifestLockResult.txt",
			);
			runOnlyForDeploymentPostprocessing = 0;
			shellPath = /bin/sh;
			shellScript = "diff \"${PODS_PODFILE_DIR_PATH}/Podfile.lock\" \"${PODS_ROOT}/Manifest.lock\" > /dev/null\nif [ $? != 0 ] ; then\n    # print error to STDERR\n    echo \"error: The sandbox is not in sync with the Podfile.lock. Run 'pod install' or update your CocoaPods installation.\" >&2\n    exit 1\nfi\n# This output is used by Xcode 'outputs' to avoid re-running this script phase.\necho \"SUCCESS\" > \"${SCRIPT_OUTPUT_FILE_0}\"\n";
			showEnvVarsInLog = 0;
		};
		DF05EEC5BF94A532BEA26E3D /* [CP] Copy Pods Resources */ = {
			isa = PBXShellScriptBuildPhase;
			buildActionMask = 2147483647;
			files = (
			);
			inputFileListPaths = (
				"${PODS_ROOT}/Target Support Files/Pods-Mailmo-MailmoUITests/Pods-Mailmo-MailmoUITests-resources-${CONFIGURATION}-input-files.xcfilelist",
			);
			name = "[CP] Copy Pods Resources";
			outputFileListPaths = (
				"${PODS_ROOT}/Target Support Files/Pods-Mailmo-MailmoUITests/Pods-Mailmo-MailmoUITests-resources-${CONFIGURATION}-output-files.xcfilelist",
			);
			runOnlyForDeploymentPostprocessing = 0;
			shellPath = /bin/sh;
			shellScript = "\"${PODS_ROOT}/Target Support Files/Pods-Mailmo-MailmoUITests/Pods-Mailmo-MailmoUITests-resources.sh\"\n";
			showEnvVarsInLog = 0;
		};
/* End PBXShellScriptBuildPhase section */

/* Begin PBXSourcesBuildPhase section */
		09E98D442605397900C4F4F7 /* Sources */ = {
			isa = PBXSourcesBuildPhase;
			buildActionMask = 2147483647;
			files = (
				09E98E4A26053A6B00C4F4F7 /* Main_VC.swift in Sources */,
				09BA6C1F260AE7D9003DBFD3 /* History_VC.swift in Sources */,
				092AA3F1266FFD660025F4E6 /* PulseAnimation.swift in Sources */,
				09016C7F2614178C00B11BF0 /* Utils.swift in Sources */,
				09E98E4B26053A6B00C4F4F7 /* SignIn_VC.swift in Sources */,
				09BA6C2C260C133B003DBFD3 /* HistoryDetails_VC.swift in Sources */,
				096EE29E2672CD9100FEBCEA /* FirebaseData.swift in Sources */,
				0924BB012668575600F93671 /* AppStoreReviewManager.swift in Sources */,
				09016C742614173000B11BF0 /* New_VC.swift in Sources */,
				096EE2912672CD2800FEBCEA /* EmailInfo.swift in Sources */,
				09BA6C08260AB73E003DBFD3 /* DatePicker_VC.swift in Sources */,
				09BA6C0D260AB74F003DBFD3 /* SendLater_VC.swift in Sources */,
				0924F1002613CD1300C0E909 /* AudioVisualizerView.swift in Sources */,
				09BA6BD5260A5DEA003DBFD3 /* Edit_VC.swift in Sources */,
				09E98D4C2605397900C4F4F7 /* AppDelegate.swift in Sources */,
				09BA6BE4260A84D8003DBFD3 /* SendNow_VC.swift in Sources */,
				096EE2962672CD6C00FEBCEA /* SendGridData.swift in Sources */,
				09BA6C27260C131F003DBFD3 /* Settings_VC.swift in Sources */,
				091DD2D42672B5990074FB10 /* Extensions.swift in Sources */,
				09A6E2F7264221F800C67575 /* SignUp_VC.swift in Sources */,
				093D27B32631023000C4CBCB /* HistoryCell.swift in Sources */,
				096EE2A32672CDE900FEBCEA /* CurrentUser.swift in Sources */,
				09E98D4E2605397900C4F4F7 /* SceneDelegate.swift in Sources */,
			);
			runOnlyForDeploymentPostprocessing = 0;
		};
		09E98D5D2605397A00C4F4F7 /* Sources */ = {
			isa = PBXSourcesBuildPhase;
			buildActionMask = 2147483647;
			files = (
				09E98D662605397A00C4F4F7 /* MailmoTests.swift in Sources */,
			);
			runOnlyForDeploymentPostprocessing = 0;
		};
		09E98D682605397A00C4F4F7 /* Sources */ = {
			isa = PBXSourcesBuildPhase;
			buildActionMask = 2147483647;
			files = (
				09E98D712605397A00C4F4F7 /* MailmoUITests.swift in Sources */,
			);
			runOnlyForDeploymentPostprocessing = 0;
		};
/* End PBXSourcesBuildPhase section */

/* Begin PBXTargetDependency section */
		09E98D632605397A00C4F4F7 /* PBXTargetDependency */ = {
			isa = PBXTargetDependency;
			target = 09E98D472605397900C4F4F7 /* Mailmo */;
			targetProxy = 09E98D622605397A00C4F4F7 /* PBXContainerItemProxy */;
		};
		09E98D6E2605397A00C4F4F7 /* PBXTargetDependency */ = {
			isa = PBXTargetDependency;
			target = 09E98D472605397900C4F4F7 /* Mailmo */;
			targetProxy = 09E98D6D2605397A00C4F4F7 /* PBXContainerItemProxy */;
		};
/* End PBXTargetDependency section */

/* Begin PBXVariantGroup section */
		09E98E3E26053A6300C4F4F7 /* LaunchScreen.storyboard */ = {
			isa = PBXVariantGroup;
			children = (
				09E98E3F26053A6300C4F4F7 /* Base */,
			);
			name = LaunchScreen.storyboard;
			sourceTree = "<group>";
		};
		09E98E4026053A6300C4F4F7 /* Main.storyboard */ = {
			isa = PBXVariantGroup;
			children = (
				09E98E4126053A6300C4F4F7 /* Base */,
			);
			name = Main.storyboard;
			sourceTree = "<group>";
		};
/* End PBXVariantGroup section */

/* Begin XCBuildConfiguration section */
		09E98D732605397A00C4F4F7 /* Debug */ = {
			isa = XCBuildConfiguration;
			baseConfigurationReference = 095AC07F2645B45800031A77 /* SendGrid_Config.xcconfig */;
			buildSettings = {
				ALWAYS_SEARCH_USER_PATHS = NO;
				CLANG_ANALYZER_NONNULL = YES;
				CLANG_ANALYZER_NUMBER_OBJECT_CONVERSION = YES_AGGRESSIVE;
				CLANG_CXX_LANGUAGE_STANDARD = "gnu++14";
				CLANG_CXX_LIBRARY = "libc++";
				CLANG_ENABLE_MODULES = YES;
				CLANG_ENABLE_OBJC_ARC = YES;
				CLANG_ENABLE_OBJC_WEAK = YES;
				CLANG_WARN_BLOCK_CAPTURE_AUTORELEASING = YES;
				CLANG_WARN_BOOL_CONVERSION = YES;
				CLANG_WARN_COMMA = YES;
				CLANG_WARN_CONSTANT_CONVERSION = YES;
				CLANG_WARN_DEPRECATED_OBJC_IMPLEMENTATIONS = YES;
				CLANG_WARN_DIRECT_OBJC_ISA_USAGE = YES_ERROR;
				CLANG_WARN_DOCUMENTATION_COMMENTS = YES;
				CLANG_WARN_EMPTY_BODY = YES;
				CLANG_WARN_ENUM_CONVERSION = YES;
				CLANG_WARN_INFINITE_RECURSION = YES;
				CLANG_WARN_INT_CONVERSION = YES;
				CLANG_WARN_NON_LITERAL_NULL_CONVERSION = YES;
				CLANG_WARN_OBJC_IMPLICIT_RETAIN_SELF = YES;
				CLANG_WARN_OBJC_LITERAL_CONVERSION = YES;
				CLANG_WARN_OBJC_ROOT_CLASS = YES_ERROR;
				CLANG_WARN_QUOTED_INCLUDE_IN_FRAMEWORK_HEADER = YES;
				CLANG_WARN_RANGE_LOOP_ANALYSIS = YES;
				CLANG_WARN_STRICT_PROTOTYPES = YES;
				CLANG_WARN_SUSPICIOUS_MOVE = YES;
				CLANG_WARN_UNGUARDED_AVAILABILITY = YES_AGGRESSIVE;
				CLANG_WARN_UNREACHABLE_CODE = YES;
				CLANG_WARN__DUPLICATE_METHOD_MATCH = YES;
				COPY_PHASE_STRIP = NO;
				DEBUG_INFORMATION_FORMAT = dwarf;
				ENABLE_STRICT_OBJC_MSGSEND = YES;
				ENABLE_TESTABILITY = YES;
				GCC_C_LANGUAGE_STANDARD = gnu11;
				GCC_DYNAMIC_NO_PIC = NO;
				GCC_NO_COMMON_BLOCKS = YES;
				GCC_OPTIMIZATION_LEVEL = 0;
				GCC_PREPROCESSOR_DEFINITIONS = (
					"DEBUG=1",
					"$(inherited)",
				);
				GCC_WARN_64_TO_32_BIT_CONVERSION = YES;
				GCC_WARN_ABOUT_RETURN_TYPE = YES_ERROR;
				GCC_WARN_UNDECLARED_SELECTOR = YES;
				GCC_WARN_UNINITIALIZED_AUTOS = YES_AGGRESSIVE;
				GCC_WARN_UNUSED_FUNCTION = YES;
				GCC_WARN_UNUSED_VARIABLE = YES;
				IPHONEOS_DEPLOYMENT_TARGET = 14.3;
				MTL_ENABLE_DEBUG_INFO = INCLUDE_SOURCE;
				MTL_FAST_MATH = YES;
				ONLY_ACTIVE_ARCH = YES;
				SDKROOT = iphoneos;
				SWIFT_ACTIVE_COMPILATION_CONDITIONS = DEBUG;
				SWIFT_OPTIMIZATION_LEVEL = "-Onone";
			};
			name = Debug;
		};
		09E98D742605397A00C4F4F7 /* Release */ = {
			isa = XCBuildConfiguration;
			baseConfigurationReference = 095AC07F2645B45800031A77 /* SendGrid_Config.xcconfig */;
			buildSettings = {
				ALWAYS_SEARCH_USER_PATHS = NO;
				CLANG_ANALYZER_NONNULL = YES;
				CLANG_ANALYZER_NUMBER_OBJECT_CONVERSION = YES_AGGRESSIVE;
				CLANG_CXX_LANGUAGE_STANDARD = "gnu++14";
				CLANG_CXX_LIBRARY = "libc++";
				CLANG_ENABLE_MODULES = YES;
				CLANG_ENABLE_OBJC_ARC = YES;
				CLANG_ENABLE_OBJC_WEAK = YES;
				CLANG_WARN_BLOCK_CAPTURE_AUTORELEASING = YES;
				CLANG_WARN_BOOL_CONVERSION = YES;
				CLANG_WARN_COMMA = YES;
				CLANG_WARN_CONSTANT_CONVERSION = YES;
				CLANG_WARN_DEPRECATED_OBJC_IMPLEMENTATIONS = YES;
				CLANG_WARN_DIRECT_OBJC_ISA_USAGE = YES_ERROR;
				CLANG_WARN_DOCUMENTATION_COMMENTS = YES;
				CLANG_WARN_EMPTY_BODY = YES;
				CLANG_WARN_ENUM_CONVERSION = YES;
				CLANG_WARN_INFINITE_RECURSION = YES;
				CLANG_WARN_INT_CONVERSION = YES;
				CLANG_WARN_NON_LITERAL_NULL_CONVERSION = YES;
				CLANG_WARN_OBJC_IMPLICIT_RETAIN_SELF = YES;
				CLANG_WARN_OBJC_LITERAL_CONVERSION = YES;
				CLANG_WARN_OBJC_ROOT_CLASS = YES_ERROR;
				CLANG_WARN_QUOTED_INCLUDE_IN_FRAMEWORK_HEADER = YES;
				CLANG_WARN_RANGE_LOOP_ANALYSIS = YES;
				CLANG_WARN_STRICT_PROTOTYPES = YES;
				CLANG_WARN_SUSPICIOUS_MOVE = YES;
				CLANG_WARN_UNGUARDED_AVAILABILITY = YES_AGGRESSIVE;
				CLANG_WARN_UNREACHABLE_CODE = YES;
				CLANG_WARN__DUPLICATE_METHOD_MATCH = YES;
				COPY_PHASE_STRIP = NO;
				DEBUG_INFORMATION_FORMAT = "dwarf-with-dsym";
				ENABLE_NS_ASSERTIONS = NO;
				ENABLE_STRICT_OBJC_MSGSEND = YES;
				GCC_C_LANGUAGE_STANDARD = gnu11;
				GCC_NO_COMMON_BLOCKS = YES;
				GCC_WARN_64_TO_32_BIT_CONVERSION = YES;
				GCC_WARN_ABOUT_RETURN_TYPE = YES_ERROR;
				GCC_WARN_UNDECLARED_SELECTOR = YES;
				GCC_WARN_UNINITIALIZED_AUTOS = YES_AGGRESSIVE;
				GCC_WARN_UNUSED_FUNCTION = YES;
				GCC_WARN_UNUSED_VARIABLE = YES;
				IPHONEOS_DEPLOYMENT_TARGET = 14.3;
				MTL_ENABLE_DEBUG_INFO = NO;
				MTL_FAST_MATH = YES;
				SDKROOT = iphoneos;
				SWIFT_COMPILATION_MODE = wholemodule;
				SWIFT_OPTIMIZATION_LEVEL = "-O";
				VALIDATE_PRODUCT = YES;
			};
			name = Release;
		};
		09E98D762605397A00C4F4F7 /* Debug */ = {
			isa = XCBuildConfiguration;
			baseConfigurationReference = 97CB3758C9BBA52B4820C376 /* Pods-Mailmo.debug.xcconfig */;
			buildSettings = {
				ASSETCATALOG_COMPILER_APPICON_NAME = AppIcon;
				ASSETCATALOG_COMPILER_GLOBAL_ACCENT_COLOR_NAME = AccentColor;
				CODE_SIGN_ENTITLEMENTS = Mailmo/Mailmo.entitlements;
				CODE_SIGN_IDENTITY = "Apple Development";
				CODE_SIGN_STYLE = Automatic;
				CURRENT_PROJECT_VERSION = 7;
				DEVELOPMENT_TEAM = C5GN2KM3ZR;
				INFOPLIST_FILE = Mailmo/Info.plist;
				IPHONEOS_DEPLOYMENT_TARGET = 14.3;
				LD_RUNPATH_SEARCH_PATHS = (
					"$(inherited)",
					"@executable_path/Frameworks",
				);
				PRODUCT_BUNDLE_IDENTIFIER = "Nadia-Siddiqah.Mailmo";
				PRODUCT_NAME = "$(TARGET_NAME)";
				PROVISIONING_PROFILE_SPECIFIER = "";
				SWIFT_VERSION = 5.0;
				TARGETED_DEVICE_FAMILY = 1;
			};
			name = Debug;
		};
		09E98D772605397A00C4F4F7 /* Release */ = {
			isa = XCBuildConfiguration;
			baseConfigurationReference = AB152D597CCB25578EF367AC /* Pods-Mailmo.release.xcconfig */;
			buildSettings = {
				ASSETCATALOG_COMPILER_APPICON_NAME = AppIcon;
				ASSETCATALOG_COMPILER_GLOBAL_ACCENT_COLOR_NAME = AccentColor;
				CODE_SIGN_ENTITLEMENTS = Mailmo/Mailmo.entitlements;
				CODE_SIGN_IDENTITY = "Apple Development";
				CODE_SIGN_STYLE = Automatic;
				CURRENT_PROJECT_VERSION = 7;
				DEVELOPMENT_TEAM = C5GN2KM3ZR;
				INFOPLIST_FILE = Mailmo/Info.plist;
				IPHONEOS_DEPLOYMENT_TARGET = 14.3;
				LD_RUNPATH_SEARCH_PATHS = (
					"$(inherited)",
					"@executable_path/Frameworks",
				);
				PRODUCT_BUNDLE_IDENTIFIER = "Nadia-Siddiqah.Mailmo";
				PRODUCT_NAME = "$(TARGET_NAME)";
				PROVISIONING_PROFILE_SPECIFIER = "";
				SWIFT_VERSION = 5.0;
				TARGETED_DEVICE_FAMILY = 1;
			};
			name = Release;
		};
		09E98D792605397A00C4F4F7 /* Debug */ = {
			isa = XCBuildConfiguration;
			baseConfigurationReference = 9EB7E84DF6D411871338B4FC /* Pods-MailmoTests.debug.xcconfig */;
			buildSettings = {
				ALWAYS_EMBED_SWIFT_STANDARD_LIBRARIES = YES;
				BUNDLE_LOADER = "$(TEST_HOST)";
				CODE_SIGN_STYLE = Automatic;
				DEVELOPMENT_TEAM = C5GN2KM3ZR;
				INFOPLIST_FILE = MailmoTests/Info.plist;
				IPHONEOS_DEPLOYMENT_TARGET = 14.3;
				LD_RUNPATH_SEARCH_PATHS = (
					"$(inherited)",
					"@executable_path/Frameworks",
					"@loader_path/Frameworks",
				);
				PRODUCT_BUNDLE_IDENTIFIER = "Nadia-Siddiqah.MailmoTests";
				PRODUCT_NAME = "$(TARGET_NAME)";
				SWIFT_VERSION = 5.0;
				TARGETED_DEVICE_FAMILY = "1,2";
				TEST_HOST = "$(BUILT_PRODUCTS_DIR)/Mailmo.app/Mailmo";
			};
			name = Debug;
		};
		09E98D7A2605397A00C4F4F7 /* Release */ = {
			isa = XCBuildConfiguration;
			baseConfigurationReference = 46794A3B96F50260FD7E2EF4 /* Pods-MailmoTests.release.xcconfig */;
			buildSettings = {
				ALWAYS_EMBED_SWIFT_STANDARD_LIBRARIES = YES;
				BUNDLE_LOADER = "$(TEST_HOST)";
				CODE_SIGN_STYLE = Automatic;
				DEVELOPMENT_TEAM = C5GN2KM3ZR;
				INFOPLIST_FILE = MailmoTests/Info.plist;
				IPHONEOS_DEPLOYMENT_TARGET = 14.3;
				LD_RUNPATH_SEARCH_PATHS = (
					"$(inherited)",
					"@executable_path/Frameworks",
					"@loader_path/Frameworks",
				);
				PRODUCT_BUNDLE_IDENTIFIER = "Nadia-Siddiqah.MailmoTests";
				PRODUCT_NAME = "$(TARGET_NAME)";
				SWIFT_VERSION = 5.0;
				TARGETED_DEVICE_FAMILY = "1,2";
				TEST_HOST = "$(BUILT_PRODUCTS_DIR)/Mailmo.app/Mailmo";
			};
			name = Release;
		};
		09E98D7C2605397A00C4F4F7 /* Debug */ = {
			isa = XCBuildConfiguration;
			baseConfigurationReference = FE2DF86DE5222EF5E45BF8FC /* Pods-Mailmo-MailmoUITests.debug.xcconfig */;
			buildSettings = {
				ALWAYS_EMBED_SWIFT_STANDARD_LIBRARIES = YES;
				CODE_SIGN_STYLE = Automatic;
				DEVELOPMENT_TEAM = C5GN2KM3ZR;
				INFOPLIST_FILE = MailmoUITests/Info.plist;
				LD_RUNPATH_SEARCH_PATHS = (
					"$(inherited)",
					"@executable_path/Frameworks",
					"@loader_path/Frameworks",
				);
				PRODUCT_BUNDLE_IDENTIFIER = "Nadia-Siddiqah.MailmoUITests";
				PRODUCT_NAME = "$(TARGET_NAME)";
				SWIFT_VERSION = 5.0;
				TARGETED_DEVICE_FAMILY = "1,2";
				TEST_TARGET_NAME = Mailmo;
			};
			name = Debug;
		};
		09E98D7D2605397A00C4F4F7 /* Release */ = {
			isa = XCBuildConfiguration;
			baseConfigurationReference = B08732FACC16707C5C38E542 /* Pods-Mailmo-MailmoUITests.release.xcconfig */;
			buildSettings = {
				ALWAYS_EMBED_SWIFT_STANDARD_LIBRARIES = YES;
				CODE_SIGN_STYLE = Automatic;
				DEVELOPMENT_TEAM = C5GN2KM3ZR;
				INFOPLIST_FILE = MailmoUITests/Info.plist;
				LD_RUNPATH_SEARCH_PATHS = (
					"$(inherited)",
					"@executable_path/Frameworks",
					"@loader_path/Frameworks",
				);
				PRODUCT_BUNDLE_IDENTIFIER = "Nadia-Siddiqah.MailmoUITests";
				PRODUCT_NAME = "$(TARGET_NAME)";
				SWIFT_VERSION = 5.0;
				TARGETED_DEVICE_FAMILY = "1,2";
				TEST_TARGET_NAME = Mailmo;
			};
			name = Release;
		};
/* End XCBuildConfiguration section */

/* Begin XCConfigurationList section */
		09E98D432605397900C4F4F7 /* Build configuration list for PBXProject "Mailmo" */ = {
			isa = XCConfigurationList;
			buildConfigurations = (
				09E98D732605397A00C4F4F7 /* Debug */,
				09E98D742605397A00C4F4F7 /* Release */,
			);
			defaultConfigurationIsVisible = 0;
			defaultConfigurationName = Release;
		};
		09E98D752605397A00C4F4F7 /* Build configuration list for PBXNativeTarget "Mailmo" */ = {
			isa = XCConfigurationList;
			buildConfigurations = (
				09E98D762605397A00C4F4F7 /* Debug */,
				09E98D772605397A00C4F4F7 /* Release */,
			);
			defaultConfigurationIsVisible = 0;
			defaultConfigurationName = Release;
		};
		09E98D782605397A00C4F4F7 /* Build configuration list for PBXNativeTarget "MailmoTests" */ = {
			isa = XCConfigurationList;
			buildConfigurations = (
				09E98D792605397A00C4F4F7 /* Debug */,
				09E98D7A2605397A00C4F4F7 /* Release */,
			);
			defaultConfigurationIsVisible = 0;
			defaultConfigurationName = Release;
		};
		09E98D7B2605397A00C4F4F7 /* Build configuration list for PBXNativeTarget "MailmoUITests" */ = {
			isa = XCConfigurationList;
			buildConfigurations = (
				09E98D7C2605397A00C4F4F7 /* Debug */,
				09E98D7D2605397A00C4F4F7 /* Release */,
			);
			defaultConfigurationIsVisible = 0;
			defaultConfigurationName = Release;
		};
/* End XCConfigurationList section */
	};
	rootObject = 09E98D402605397900C4F4F7 /* Project object */;
}
